{
  "name": "db_interface",
  "lockfileVersion": 3,
  "requires": true,
  "packages": {
    "": {
      "dependencies": {
        "@dbml/core": "^3.5.1"
      }
    },
    "node_modules/@dbml/core": {
      "version": "3.5.1",
      "resolved": "https://registry.npmjs.org/@dbml/core/-/core-3.5.1.tgz",
      "integrity": "sha512-Aus5w1V35zgq3QtlSuqv6sEsTaAyk2XGXAXhWJSmjHaZHCvoWIueIhRwWp6xgjaYv9RUXkDOuqId2OCh91C72Q==",
      "dependencies": {
        "@dbml/parse": "^3.5.1",
        "antlr4": "^4.13.1",
        "lodash": "^4.17.15",
        "parsimmon": "^1.13.0",
        "pluralize": "^8.0.0"
      }
    },
    "node_modules/@dbml/parse": {
      "version": "3.5.1",
      "resolved": "https://registry.npmjs.org/@dbml/parse/-/parse-3.5.1.tgz",
      "integrity": "sha512-00SdLhsKSKb/PQkEzIVKnsulyuDTqsASGOg2MMq1EWkA2z0LobrseR3iBXsb9YEZh6Nup31Xm+TcKo6IByXrpg==",
      "dependencies": {
        "lodash": "^4.17.21"
      },
      "peerDependencies": {
        "lodash": "^4.17.21"
      }
    },
    "node_modules/antlr4": {
      "version": "4.13.1",
      "resolved": "https://registry.npmjs.org/antlr4/-/antlr4-4.13.1.tgz",
      "integrity": "sha512-kiXTspaRYvnIArgE97z5YVVf/cDVQABr3abFRR6mE7yesLMkgu4ujuyV/sgxafQ8wgve0DJQUJ38Z8tkgA2izA==",
      "engines": {
        "node": ">=16"
      }
    },
    "node_modules/lodash": {
      "version": "4.17.21",
      "resolved": "https://registry.npmjs.org/lodash/-/lodash-4.17.21.tgz",
      "integrity": "sha512-v2kDEe57lecTulaDIuNTPy3Ry4gLGJ6Z1O3vE1krgXZNrsQ+LFTGHVxVjcXPs17LhbZVGedAJv8XZ1tvj5FvSg=="
    },
    "node_modules/parsimmon": {
      "version": "1.18.1",
      "resolved": "https://registry.npmjs.org/parsimmon/-/parsimmon-1.18.1.tgz",
      "integrity": "sha512-u7p959wLfGAhJpSDJVYXoyMCXWYwHia78HhRBWqk7AIbxdmlrfdp5wX0l3xv/iTSH5HvhN9K7o26hwwpgS5Nmw=="
    },
    "node_modules/pluralize": {
      "version": "8.0.0",
      "resolved": "https://registry.npmjs.org/pluralize/-/pluralize-8.0.0.tgz",
      "integrity": "sha512-Nc3IT5yHzflTfbjgqWcCPpo7DaKy4FnpB0l/zCAW0Tc7jxAiuqSxHasntB3D7887LSrA93kDJ9IXovxJYxyLCA==",
      "engines": {
        "node": ">=4"
      }
    }
  }
}
